
Microsoft Visual Studio Solution File, Format Version 12.00
# Visual Studio Version 16
VisualStudioVersion = 16.0.29509.3
MinimumVisualStudioVersion = 10.0.40219.1
Project("{FAE04EC0-301F-11D3-BF4B-00C04F79EFBC}") = "Interface_Practice", "Interface_Practice.csproj", "{F92C2506-073F-4A26-AFFA-12291AA8B371}"
EndProject
Global
	GlobalSection(SolutionConfigurationPlatforms) = preSolution
		Debug|Any CPU = Debug|Any CPU
		Release|Any CPU = Release|Any CPU
	EndGlobalSection
	GlobalSection(ProjectConfigurationPlatforms) = postSolution
		{F92C2506-073F-4A26-AFFA-12291AA8B371}.Debug|Any CPU.ActiveCfg = Debug|Any CPU
		{F92C2506-073F-4A26-AFFA-12291AA8B371}.Debug|Any CPU.Build.0 = Debug|Any CPU
		{F92C2506-073F-4A26-AFFA-12291AA8B371}.Release|Any CPU.ActiveCfg = Release|Any CPU
		{F92C2506-073F-4A26-AFFA-12291AA8B371}.Release|Any CPU.Build.0 = Release|Any CPU
	EndGlobalSection
	GlobalSection(SolutionProperties) = preSolution
		HideSolutionNode = FALSE
	EndGlobalSection
	GlobalSection(ExtensibilityGlobals) = postSolution
		SolutionGuid = {87339C8A-7D8D-45F8-AB44-30E92CE88E9B}
	EndGlobalSection
EndGlobal
